<Solution>
  <Folder Name="/Tests/">
    <Project Path="../AgenticRouter.Gui.Charts.Tests/AgenticRouter.Gui.Charts.Tests.csproj">
      <Build Solution="Debug|*" Project="false" />
    </Project>
    <Project Path="../AgenticRouter.Gui.Telemetry.Tests/AgenticRouter.Gui.Telemetry.Tests.csproj">
      <Build Solution="Debug|*" Project="false" />
    </Project>
    <Project Path="../AgenticRouter.Tests/AgenticRouter.Tests.csproj" Id="6bc19e70-13cf-4f60-91c9-7282407a6ff6" />
  </Folder>
  <Project Path="../AgenticRouter.Gui.Charts/AgenticRouter.Gui.Charts.csproj" />
  <Project Path="../AgenticRouter.Gui.Telemetry/AgenticRouter.Gui.Telemetry.csproj" />
  <Project Path="../AgenticRouter.Gui/AgenticRouter.Gui.csproj" />
  <Project Path="AgenticRouter.csproj" />
</Solution>
